
Microsoft Visual Studio Solution File, Format Version 12.00
# Visual Studio Version 16
VisualStudioVersion = 16.0.32510.428
MinimumVisualStudioVersion = 10.0.40219.1
Project("{FAE04EC0-301F-11D3-BF4B-00C04F79EFBC}") = "QuanLyBanThuoc", "QuanLyBanThuoc\QuanLyBanThuoc.csproj", "{334B556A-0D0E-4E4B-B939-05DD66C80966}"
EndProject
Global
	GlobalSection(SolutionConfigurationPlatforms) = preSolution
		Debug|Any CPU = Debug|Any CPU
		Release|Any CPU = Release|Any CPU
	EndGlobalSection
	GlobalSection(ProjectConfigurationPlatforms) = postSolution
		{334B556A-0D0E-4E4B-B939-05DD66C80966}.Debug|Any CPU.ActiveCfg = Debug|Any CPU
		{334B556A-0D0E-4E4B-B939-05DD66C80966}.Debug|Any CPU.Build.0 = Debug|Any CPU
		{334B556A-0D0E-4E4B-B939-05DD66C80966}.Release|Any CPU.ActiveCfg = Release|Any CPU
		{334B556A-0D0E-4E4B-B939-05DD66C80966}.Release|Any CPU.Build.0 = Release|Any CPU
	EndGlobalSection
	GlobalSection(SolutionProperties) = preSolution
		HideSolutionNode = FALSE
	EndGlobalSection
	GlobalSection(ExtensibilityGlobals) = postSolution
		SolutionGuid = {FCCDEA44-6C2E-4A9C-9947-D706C66C5497}
	EndGlobalSection
EndGlobal
